
Microsoft Visual Studio Solution File, Format Version 12.00
Project("{FAE04EC0-301F-11D3-BF4B-00C04F79EFBC}") = "PokemonType.Api", "src\PokemonType\Infrastructure\PokemonType.Api\PokemonType.Api.csproj", "{5C420A87-617A-460F-BACE-33467A602D91}"
EndProject
Project("{FAE04EC0-301F-11D3-BF4B-00C04F79EFBC}") = "PokemonType.Application", "src\PokemonType\Application\PokemonType.Application\PokemonType.Application.csproj", "{4052C2D5-6E0B-4363-9DEF-8A6F11080515}"
EndProject
Project("{FAE04EC0-301F-11D3-BF4B-00C04F79EFBC}") = "PokemonType.Domain", "src\PokemonType\Domain\PokemonType.Domain\PokemonType.Domain.csproj", "{DBFAAB8A-F182-481C-A163-7DE49B15D868}"
EndProject
Project("{FAE04EC0-301F-11D3-BF4B-00C04F79EFBC}") = "PokemonType.Infrastructure", "src\PokemonType\Infrastructure\PokemonType.Infrastructure\PokemonType.Infrastructure.csproj", "{E9F02032-858D-497B-9386-50EB30940914}"
EndProject
Global
	GlobalSection(SolutionConfigurationPlatforms) = preSolution
		Debug|Any CPU = Debug|Any CPU
		Release|Any CPU = Release|Any CPU
	EndGlobalSection
	GlobalSection(ProjectConfigurationPlatforms) = postSolution
		{5C420A87-617A-460F-BACE-33467A602D91}.Debug|Any CPU.ActiveCfg = Debug|Any CPU
		{5C420A87-617A-460F-BACE-33467A602D91}.Debug|Any CPU.Build.0 = Debug|Any CPU
		{5C420A87-617A-460F-BACE-33467A602D91}.Release|Any CPU.ActiveCfg = Release|Any CPU
		{5C420A87-617A-460F-BACE-33467A602D91}.Release|Any CPU.Build.0 = Release|Any CPU
		{4052C2D5-6E0B-4363-9DEF-8A6F11080515}.Debug|Any CPU.ActiveCfg = Debug|Any CPU
		{4052C2D5-6E0B-4363-9DEF-8A6F11080515}.Debug|Any CPU.Build.0 = Debug|Any CPU
		{4052C2D5-6E0B-4363-9DEF-8A6F11080515}.Release|Any CPU.ActiveCfg = Release|Any CPU
		{4052C2D5-6E0B-4363-9DEF-8A6F11080515}.Release|Any CPU.Build.0 = Release|Any CPU
		{DBFAAB8A-F182-481C-A163-7DE49B15D868}.Debug|Any CPU.ActiveCfg = Debug|Any CPU
		{DBFAAB8A-F182-481C-A163-7DE49B15D868}.Debug|Any CPU.Build.0 = Debug|Any CPU
		{DBFAAB8A-F182-481C-A163-7DE49B15D868}.Release|Any CPU.ActiveCfg = Release|Any CPU
		{DBFAAB8A-F182-481C-A163-7DE49B15D868}.Release|Any CPU.Build.0 = Release|Any CPU
		{E9F02032-858D-497B-9386-50EB30940914}.Debug|Any CPU.ActiveCfg = Debug|Any CPU
		{E9F02032-858D-497B-9386-50EB30940914}.Debug|Any CPU.Build.0 = Debug|Any CPU
		{E9F02032-858D-497B-9386-50EB30940914}.Release|Any CPU.ActiveCfg = Release|Any CPU
		{E9F02032-858D-497B-9386-50EB30940914}.Release|Any CPU.Build.0 = Release|Any CPU
	EndGlobalSection
EndGlobal
