
Microsoft Visual Studio Solution File, Format Version 12.00
# Visual Studio Version 16
VisualStudioVersion = 16.0.31129.286
MinimumVisualStudioVersion = 10.0.40219.1
Project("{2150E333-8FDC-42A3-9474-1A3956D46DE8}") = "Types", "Types", "{592BEA23-C037-4F82-ACCA-394D6F3504AD}"
EndProject
Project("{2150E333-8FDC-42A3-9474-1A3956D46DE8}") = "Application", "Application", "{5ADC31A4-A3CA-412E-B15D-2D7FC704B4BA}"
EndProject
Project("{2150E333-8FDC-42A3-9474-1A3956D46DE8}") = "Domain", "Domain", "{DAD1287B-F4A1-4E08-AE1D-0EC4199C859C}"
EndProject
Project("{2150E333-8FDC-42A3-9474-1A3956D46DE8}") = "Infrastructure", "Infrastructure", "{42CD37A4-E6F2-4AEA-B0E7-B07DA2F2ED9D}"
EndProject
Project("{2150E333-8FDC-42A3-9474-1A3956D46DE8}") = "Pokemons", "Pokemons", "{4C5D69D2-6D57-4ADF-828C-86661DD34967}"
EndProject
Project("{2150E333-8FDC-42A3-9474-1A3956D46DE8}") = "Context", "Context", "{D8FF2FFD-DF96-48A9-BA6F-FB04134E8202}"
EndProject
Project("{9A19103F-16F7-4668-BE54-9A1E7A4F7556}") = "Pokemons.Types.Application", "Context\Pokemons\Types\Application\Pokemons.Types.Application\Pokemons.Types.Application.csproj", "{B085E714-D4CD-413D-BA8A-9D897292C3BA}"
EndProject
Project("{9A19103F-16F7-4668-BE54-9A1E7A4F7556}") = "Pokemons.Types.Domain", "Context\Pokemons\Types\Domain\Pokemons.Types.Domain\Pokemons.Types.Domain.csproj", "{7CBFB2EF-5734-4B6A-9833-C34920C180FE}"
EndProject
Project("{9A19103F-16F7-4668-BE54-9A1E7A4F7556}") = "Pokemons.Types.Api", "Context\Pokemons\Types\Infrastructure\Pokemons.Types.Api\Pokemons.Types.Api.csproj", "{29C40A45-04DD-48D6-A841-A8D7C88FA1DC}"
EndProject
Project("{9A19103F-16F7-4668-BE54-9A1E7A4F7556}") = "Pokemons.Types.CliConsole", "Context\Pokemons\Types\Infrastructure\Pokemons.Types.CliConsole\Pokemons.Types.CliConsole.csproj", "{CEECC62E-5444-4A40-8A61-575C522EF932}"
EndProject
Project("{9A19103F-16F7-4668-BE54-9A1E7A4F7556}") = "Pokemons.Types.Persistence", "Context\Pokemons\Types\Infrastructure\Pokemons.Types.Persistence\Pokemons.Types.Persistence.csproj", "{D43BB305-6ADC-4C72-8E75-6F21C302D4A4}"
EndProject
Project("{2150E333-8FDC-42A3-9474-1A3956D46DE8}") = "Users", "Users", "{7272029A-9714-423A-97DA-7CA725F85703}"
EndProject
Project("{2150E333-8FDC-42A3-9474-1A3956D46DE8}") = "Users", "Users", "{B10A52B3-ABF0-4B5D-AF15-0B963C42C5B1}"
EndProject
Project("{2150E333-8FDC-42A3-9474-1A3956D46DE8}") = "Application", "Application", "{867C9A45-2256-437B-93A4-91005B6070F0}"
EndProject
Project("{2150E333-8FDC-42A3-9474-1A3956D46DE8}") = "Domain", "Domain", "{FB7DE6F1-00E0-4A5F-B17D-EA9390E59F84}"
EndProject
Project("{2150E333-8FDC-42A3-9474-1A3956D46DE8}") = "Infrastructure", "Infrastructure", "{CD77585B-28CE-4EF0-A55D-E01D2BF5DF6C}"
EndProject
Project("{9A19103F-16F7-4668-BE54-9A1E7A4F7556}") = "Users.Users.Application", "Context\Users\Users\Application\Users.Users.Application\Users.Users.Application.csproj", "{1743E449-0668-4785-A896-6252AF42422F}"
EndProject
Project("{9A19103F-16F7-4668-BE54-9A1E7A4F7556}") = "Users.Users.Domain", "Context\Users\Users\Domain\Users.Users.Domain\Users.Users.Domain.csproj", "{82BF34B9-361E-4AAB-A906-526638BF64DD}"
EndProject
Project("{9A19103F-16F7-4668-BE54-9A1E7A4F7556}") = "Users.Users.Persistence", "Context\Users\Users\Infrastructure\Users.Users.Persistence\Users.Users.Persistence.csproj", "{7E2C1241-CC8D-4DF8-98B8-E17C51EE355B}"
EndProject
Project("{9A19103F-16F7-4668-BE54-9A1E7A4F7556}") = "Users.Users.Api", "Context\Users\Users\Infrastructure\Users.Users.Api\Users.Users.Api.csproj", "{2824E322-329E-49B0-A7EB-71E15145F458}"
EndProject
Project("{2150E333-8FDC-42A3-9474-1A3956D46DE8}") = "Pokemons", "Pokemons", "{7308D93F-16EA-4F98-BDA3-5E3CEC926D41}"
EndProject
Project("{2150E333-8FDC-42A3-9474-1A3956D46DE8}") = "Application", "Application", "{5E61AAA9-BC0B-458B-9D35-E2AF56DCD91C}"
EndProject
Project("{2150E333-8FDC-42A3-9474-1A3956D46DE8}") = "Domain", "Domain", "{C3E77FCF-E335-4A29-A14D-2BFB94E76817}"
EndProject
Project("{2150E333-8FDC-42A3-9474-1A3956D46DE8}") = "Infrastructure", "Infrastructure", "{C49DF116-44F5-4832-8CC8-D4131D12BC93}"
EndProject
Project("{9A19103F-16F7-4668-BE54-9A1E7A4F7556}") = "Pokemons.Pokemons.Application", "Context\Pokemons\Pokemons\Application\Pokemons.Pokemons.Application\Pokemons.Pokemons.Application.csproj", "{7BD6D446-A311-492D-A74A-C95FAF55DBF2}"
EndProject
Project("{9A19103F-16F7-4668-BE54-9A1E7A4F7556}") = "Pokemons.Pokemons.Domain", "Context\Pokemons\Pokemons\Domain\Pokemons.Pokemons.Domain\Pokemons.Pokemons.Domain.csproj", "{5F8AEF39-0603-4B38-8FE6-04AC6E83233C}"
EndProject
Project("{9A19103F-16F7-4668-BE54-9A1E7A4F7556}") = "Pokemons.Pokemons.Api", "Context\Pokemons\Pokemons\Infrastructure\Pokemons.Pokemons.Api\Pokemons.Pokemons.Api.csproj", "{F4424B29-4F87-4B3A-B649-78ADEFAFD453}"
EndProject
Project("{9A19103F-16F7-4668-BE54-9A1E7A4F7556}") = "Pokemons.Pokemons.Persistence", "Context\Pokemons\Pokemons\Infrastructure\Pokemons.Pokemons.Persistence\Pokemons.Pokemons.Persistence.csproj", "{E80EF5AD-AF10-4BE0-885D-6F096E11EC1C}"
EndProject
Global
	GlobalSection(SolutionConfigurationPlatforms) = preSolution
		Debug|Any CPU = Debug|Any CPU
		Release|Any CPU = Release|Any CPU
	EndGlobalSection
	GlobalSection(ProjectConfigurationPlatforms) = postSolution
		{B085E714-D4CD-413D-BA8A-9D897292C3BA}.Debug|Any CPU.ActiveCfg = Debug|Any CPU
		{B085E714-D4CD-413D-BA8A-9D897292C3BA}.Debug|Any CPU.Build.0 = Debug|Any CPU
		{B085E714-D4CD-413D-BA8A-9D897292C3BA}.Release|Any CPU.ActiveCfg = Release|Any CPU
		{B085E714-D4CD-413D-BA8A-9D897292C3BA}.Release|Any CPU.Build.0 = Release|Any CPU
		{7CBFB2EF-5734-4B6A-9833-C34920C180FE}.Debug|Any CPU.ActiveCfg = Debug|Any CPU
		{7CBFB2EF-5734-4B6A-9833-C34920C180FE}.Debug|Any CPU.Build.0 = Debug|Any CPU
		{7CBFB2EF-5734-4B6A-9833-C34920C180FE}.Release|Any CPU.ActiveCfg = Release|Any CPU
		{7CBFB2EF-5734-4B6A-9833-C34920C180FE}.Release|Any CPU.Build.0 = Release|Any CPU
		{29C40A45-04DD-48D6-A841-A8D7C88FA1DC}.Debug|Any CPU.ActiveCfg = Debug|Any CPU
		{29C40A45-04DD-48D6-A841-A8D7C88FA1DC}.Debug|Any CPU.Build.0 = Debug|Any CPU
		{29C40A45-04DD-48D6-A841-A8D7C88FA1DC}.Release|Any CPU.ActiveCfg = Release|Any CPU
		{29C40A45-04DD-48D6-A841-A8D7C88FA1DC}.Release|Any CPU.Build.0 = Release|Any CPU
		{CEECC62E-5444-4A40-8A61-575C522EF932}.Debug|Any CPU.ActiveCfg = Debug|Any CPU
		{CEECC62E-5444-4A40-8A61-575C522EF932}.Debug|Any CPU.Build.0 = Debug|Any CPU
		{CEECC62E-5444-4A40-8A61-575C522EF932}.Release|Any CPU.ActiveCfg = Release|Any CPU
		{CEECC62E-5444-4A40-8A61-575C522EF932}.Release|Any CPU.Build.0 = Release|Any CPU
		{D43BB305-6ADC-4C72-8E75-6F21C302D4A4}.Debug|Any CPU.ActiveCfg = Debug|Any CPU
		{D43BB305-6ADC-4C72-8E75-6F21C302D4A4}.Debug|Any CPU.Build.0 = Debug|Any CPU
		{D43BB305-6ADC-4C72-8E75-6F21C302D4A4}.Release|Any CPU.ActiveCfg = Release|Any CPU
		{D43BB305-6ADC-4C72-8E75-6F21C302D4A4}.Release|Any CPU.Build.0 = Release|Any CPU
		{1743E449-0668-4785-A896-6252AF42422F}.Debug|Any CPU.ActiveCfg = Debug|Any CPU
		{1743E449-0668-4785-A896-6252AF42422F}.Debug|Any CPU.Build.0 = Debug|Any CPU
		{1743E449-0668-4785-A896-6252AF42422F}.Release|Any CPU.ActiveCfg = Release|Any CPU
		{1743E449-0668-4785-A896-6252AF42422F}.Release|Any CPU.Build.0 = Release|Any CPU
		{82BF34B9-361E-4AAB-A906-526638BF64DD}.Debug|Any CPU.ActiveCfg = Debug|Any CPU
		{82BF34B9-361E-4AAB-A906-526638BF64DD}.Debug|Any CPU.Build.0 = Debug|Any CPU
		{82BF34B9-361E-4AAB-A906-526638BF64DD}.Release|Any CPU.ActiveCfg = Release|Any CPU
		{82BF34B9-361E-4AAB-A906-526638BF64DD}.Release|Any CPU.Build.0 = Release|Any CPU
		{7E2C1241-CC8D-4DF8-98B8-E17C51EE355B}.Debug|Any CPU.ActiveCfg = Debug|Any CPU
		{7E2C1241-CC8D-4DF8-98B8-E17C51EE355B}.Debug|Any CPU.Build.0 = Debug|Any CPU
		{7E2C1241-CC8D-4DF8-98B8-E17C51EE355B}.Release|Any CPU.ActiveCfg = Release|Any CPU
		{7E2C1241-CC8D-4DF8-98B8-E17C51EE355B}.Release|Any CPU.Build.0 = Release|Any CPU
		{2824E322-329E-49B0-A7EB-71E15145F458}.Debug|Any CPU.ActiveCfg = Debug|Any CPU
		{2824E322-329E-49B0-A7EB-71E15145F458}.Debug|Any CPU.Build.0 = Debug|Any CPU
		{2824E322-329E-49B0-A7EB-71E15145F458}.Release|Any CPU.ActiveCfg = Release|Any CPU
		{2824E322-329E-49B0-A7EB-71E15145F458}.Release|Any CPU.Build.0 = Release|Any CPU
		{7BD6D446-A311-492D-A74A-C95FAF55DBF2}.Debug|Any CPU.ActiveCfg = Debug|Any CPU
		{7BD6D446-A311-492D-A74A-C95FAF55DBF2}.Debug|Any CPU.Build.0 = Debug|Any CPU
		{7BD6D446-A311-492D-A74A-C95FAF55DBF2}.Release|Any CPU.ActiveCfg = Release|Any CPU
		{7BD6D446-A311-492D-A74A-C95FAF55DBF2}.Release|Any CPU.Build.0 = Release|Any CPU
		{5F8AEF39-0603-4B38-8FE6-04AC6E83233C}.Debug|Any CPU.ActiveCfg = Debug|Any CPU
		{5F8AEF39-0603-4B38-8FE6-04AC6E83233C}.Debug|Any CPU.Build.0 = Debug|Any CPU
		{5F8AEF39-0603-4B38-8FE6-04AC6E83233C}.Release|Any CPU.ActiveCfg = Release|Any CPU
		{5F8AEF39-0603-4B38-8FE6-04AC6E83233C}.Release|Any CPU.Build.0 = Release|Any CPU
		{F4424B29-4F87-4B3A-B649-78ADEFAFD453}.Debug|Any CPU.ActiveCfg = Debug|Any CPU
		{F4424B29-4F87-4B3A-B649-78ADEFAFD453}.Debug|Any CPU.Build.0 = Debug|Any CPU
		{F4424B29-4F87-4B3A-B649-78ADEFAFD453}.Release|Any CPU.ActiveCfg = Release|Any CPU
		{F4424B29-4F87-4B3A-B649-78ADEFAFD453}.Release|Any CPU.Build.0 = Release|Any CPU
		{E80EF5AD-AF10-4BE0-885D-6F096E11EC1C}.Debug|Any CPU.ActiveCfg = Debug|Any CPU
		{E80EF5AD-AF10-4BE0-885D-6F096E11EC1C}.Debug|Any CPU.Build.0 = Debug|Any CPU
		{E80EF5AD-AF10-4BE0-885D-6F096E11EC1C}.Release|Any CPU.ActiveCfg = Release|Any CPU
		{E80EF5AD-AF10-4BE0-885D-6F096E11EC1C}.Release|Any CPU.Build.0 = Release|Any CPU
	EndGlobalSection
	GlobalSection(SolutionProperties) = preSolution
		HideSolutionNode = FALSE
	EndGlobalSection
	GlobalSection(NestedProjects) = preSolution
		{592BEA23-C037-4F82-ACCA-394D6F3504AD} = {4C5D69D2-6D57-4ADF-828C-86661DD34967}
		{5ADC31A4-A3CA-412E-B15D-2D7FC704B4BA} = {592BEA23-C037-4F82-ACCA-394D6F3504AD}
		{DAD1287B-F4A1-4E08-AE1D-0EC4199C859C} = {592BEA23-C037-4F82-ACCA-394D6F3504AD}
		{42CD37A4-E6F2-4AEA-B0E7-B07DA2F2ED9D} = {592BEA23-C037-4F82-ACCA-394D6F3504AD}
		{4C5D69D2-6D57-4ADF-828C-86661DD34967} = {D8FF2FFD-DF96-48A9-BA6F-FB04134E8202}
		{B085E714-D4CD-413D-BA8A-9D897292C3BA} = {5ADC31A4-A3CA-412E-B15D-2D7FC704B4BA}
		{7CBFB2EF-5734-4B6A-9833-C34920C180FE} = {DAD1287B-F4A1-4E08-AE1D-0EC4199C859C}
		{29C40A45-04DD-48D6-A841-A8D7C88FA1DC} = {42CD37A4-E6F2-4AEA-B0E7-B07DA2F2ED9D}
		{CEECC62E-5444-4A40-8A61-575C522EF932} = {42CD37A4-E6F2-4AEA-B0E7-B07DA2F2ED9D}
		{D43BB305-6ADC-4C72-8E75-6F21C302D4A4} = {42CD37A4-E6F2-4AEA-B0E7-B07DA2F2ED9D}
		{7272029A-9714-423A-97DA-7CA725F85703} = {D8FF2FFD-DF96-48A9-BA6F-FB04134E8202}
		{B10A52B3-ABF0-4B5D-AF15-0B963C42C5B1} = {7272029A-9714-423A-97DA-7CA725F85703}
		{867C9A45-2256-437B-93A4-91005B6070F0} = {B10A52B3-ABF0-4B5D-AF15-0B963C42C5B1}
		{FB7DE6F1-00E0-4A5F-B17D-EA9390E59F84} = {B10A52B3-ABF0-4B5D-AF15-0B963C42C5B1}
		{CD77585B-28CE-4EF0-A55D-E01D2BF5DF6C} = {B10A52B3-ABF0-4B5D-AF15-0B963C42C5B1}
		{1743E449-0668-4785-A896-6252AF42422F} = {867C9A45-2256-437B-93A4-91005B6070F0}
		{82BF34B9-361E-4AAB-A906-526638BF64DD} = {FB7DE6F1-00E0-4A5F-B17D-EA9390E59F84}
		{7E2C1241-CC8D-4DF8-98B8-E17C51EE355B} = {CD77585B-28CE-4EF0-A55D-E01D2BF5DF6C}
		{2824E322-329E-49B0-A7EB-71E15145F458} = {CD77585B-28CE-4EF0-A55D-E01D2BF5DF6C}
		{7308D93F-16EA-4F98-BDA3-5E3CEC926D41} = {4C5D69D2-6D57-4ADF-828C-86661DD34967}
		{5E61AAA9-BC0B-458B-9D35-E2AF56DCD91C} = {7308D93F-16EA-4F98-BDA3-5E3CEC926D41}
		{C3E77FCF-E335-4A29-A14D-2BFB94E76817} = {7308D93F-16EA-4F98-BDA3-5E3CEC926D41}
		{C49DF116-44F5-4832-8CC8-D4131D12BC93} = {7308D93F-16EA-4F98-BDA3-5E3CEC926D41}
		{7BD6D446-A311-492D-A74A-C95FAF55DBF2} = {5E61AAA9-BC0B-458B-9D35-E2AF56DCD91C}
		{5F8AEF39-0603-4B38-8FE6-04AC6E83233C} = {C3E77FCF-E335-4A29-A14D-2BFB94E76817}
		{F4424B29-4F87-4B3A-B649-78ADEFAFD453} = {C49DF116-44F5-4832-8CC8-D4131D12BC93}
		{E80EF5AD-AF10-4BE0-885D-6F096E11EC1C} = {C49DF116-44F5-4832-8CC8-D4131D12BC93}
	EndGlobalSection
	GlobalSection(ExtensibilityGlobals) = postSolution
		SolutionGuid = {47E5EF52-D71F-4F5D-862D-C732056D8F24}
	EndGlobalSection
EndGlobal
