
Microsoft Visual Studio Solution File, Format Version 12.00
# Visual Studio Version 16
VisualStudioVersion = 16.0.31205.134
MinimumVisualStudioVersion = 10.0.40219.1
Project("{2150E333-8FDC-42A3-9474-1A3956D46DE8}") = "Context", "Context", "{7CA9B843-9F10-4378-8068-1CEC0DB2DBC4}"
EndProject
Project("{2150E333-8FDC-42A3-9474-1A3956D46DE8}") = "Pokemons", "Pokemons", "{E433CF99-C339-462E-A94C-CA04999FCC2A}"
EndProject
Project("{2150E333-8FDC-42A3-9474-1A3956D46DE8}") = "Users", "Users", "{D6ACF356-EF06-4E5E-B880-8528BE9E7E91}"
EndProject
Project("{2150E333-8FDC-42A3-9474-1A3956D46DE8}") = "Types", "Types", "{6E0264F8-BA49-45E9-9E38-995DB08CB1A8}"
EndProject
Project("{2150E333-8FDC-42A3-9474-1A3956D46DE8}") = "Users", "Users", "{18DEBF78-BBEA-4941-A520-D65BDC41A02F}"
EndProject
Project("{2150E333-8FDC-42A3-9474-1A3956D46DE8}") = "Application", "Application", "{93F61BE7-2C81-4DD3-B282-A2E6D1477012}"
EndProject
Project("{2150E333-8FDC-42A3-9474-1A3956D46DE8}") = "Domain", "Domain", "{A38DED1C-DA24-43DA-A8D1-B7FD3D498AA9}"
EndProject
Project("{2150E333-8FDC-42A3-9474-1A3956D46DE8}") = "Infrastructure", "Infrastructure", "{5C3579C4-0231-4DBD-9FAB-DD75F4F48827}"
EndProject
Project("{2150E333-8FDC-42A3-9474-1A3956D46DE8}") = "Application", "Application", "{400D3E41-0F70-474F-8CF0-07A31B057897}"
EndProject
Project("{2150E333-8FDC-42A3-9474-1A3956D46DE8}") = "Domain", "Domain", "{1D793D8B-C13C-42F6-8D73-B85499EBB187}"
EndProject
Project("{2150E333-8FDC-42A3-9474-1A3956D46DE8}") = "Infrastructure", "Infrastructure", "{FB7D9105-66BE-4DD1-8143-78C03262AD72}"
EndProject
Project("{9A19103F-16F7-4668-BE54-9A1E7A4F7556}") = "Pokemons.Types.Application.Test", "Context\Pokemons\Types\Application\Pokemons.Types.Application.Test\Pokemons.Types.Application.Test.csproj", "{3091436D-0ADE-4C95-A42E-6F235A1A741C}"
EndProject
Project("{FAE04EC0-301F-11D3-BF4B-00C04F79EFBC}") = "Pokemons.Types.Domain.Test", "Context\Pokemons\Types\Domain\Pokemons.Types.Domain.Test\Pokemons.Types.Domain.Test.csproj", "{0B2AFCA8-BDBB-412E-A123-9730A1EFC4D7}"
EndProject
Project("{FAE04EC0-301F-11D3-BF4B-00C04F79EFBC}") = "Users.Users.Application.Test", "Context\Users\Users\Application\Users.Users.Application.Test\Users.Users.Application.Test.csproj", "{BBD6CF4E-A441-4326-8F01-991BE0D66488}"
EndProject
Project("{FAE04EC0-301F-11D3-BF4B-00C04F79EFBC}") = "Users.Users.Domain.Test", "Context\Users\Users\Domain\Users.Users.Domain.Test\Users.Users.Domain.Test.csproj", "{6741AAEE-FD10-4E80-9F2B-B82AE20EB1CD}"
EndProject
Project("{9A19103F-16F7-4668-BE54-9A1E7A4F7556}") = "Pokemons.Types.Persistence.Test", "Context\Pokemons\Types\Infrastructure\Pokemons.Types.Persistence.Test\Pokemons.Types.Persistence.Test.csproj", "{C5CA1131-8CFA-4AAA-9EA4-3558E74ADBD2}"
EndProject
Project("{9A19103F-16F7-4668-BE54-9A1E7A4F7556}") = "Users.Users.Persistence.Test", "Context\Users\Users\Infrastructure\Users.Users.Persistence.Test\Users.Users.Persistence.Test.csproj", "{26244117-A1EB-48BE-A672-1B1F0B5B76E2}"
EndProject
Global
	GlobalSection(SolutionConfigurationPlatforms) = preSolution
		Debug|Any CPU = Debug|Any CPU
		Release|Any CPU = Release|Any CPU
	EndGlobalSection
	GlobalSection(ProjectConfigurationPlatforms) = postSolution
		{3091436D-0ADE-4C95-A42E-6F235A1A741C}.Debug|Any CPU.ActiveCfg = Debug|Any CPU
		{3091436D-0ADE-4C95-A42E-6F235A1A741C}.Debug|Any CPU.Build.0 = Debug|Any CPU
		{3091436D-0ADE-4C95-A42E-6F235A1A741C}.Release|Any CPU.ActiveCfg = Release|Any CPU
		{3091436D-0ADE-4C95-A42E-6F235A1A741C}.Release|Any CPU.Build.0 = Release|Any CPU
		{0B2AFCA8-BDBB-412E-A123-9730A1EFC4D7}.Debug|Any CPU.ActiveCfg = Debug|Any CPU
		{0B2AFCA8-BDBB-412E-A123-9730A1EFC4D7}.Debug|Any CPU.Build.0 = Debug|Any CPU
		{0B2AFCA8-BDBB-412E-A123-9730A1EFC4D7}.Release|Any CPU.ActiveCfg = Release|Any CPU
		{0B2AFCA8-BDBB-412E-A123-9730A1EFC4D7}.Release|Any CPU.Build.0 = Release|Any CPU
		{BBD6CF4E-A441-4326-8F01-991BE0D66488}.Debug|Any CPU.ActiveCfg = Debug|Any CPU
		{BBD6CF4E-A441-4326-8F01-991BE0D66488}.Debug|Any CPU.Build.0 = Debug|Any CPU
		{BBD6CF4E-A441-4326-8F01-991BE0D66488}.Release|Any CPU.ActiveCfg = Release|Any CPU
		{BBD6CF4E-A441-4326-8F01-991BE0D66488}.Release|Any CPU.Build.0 = Release|Any CPU
		{6741AAEE-FD10-4E80-9F2B-B82AE20EB1CD}.Debug|Any CPU.ActiveCfg = Debug|Any CPU
		{6741AAEE-FD10-4E80-9F2B-B82AE20EB1CD}.Debug|Any CPU.Build.0 = Debug|Any CPU
		{6741AAEE-FD10-4E80-9F2B-B82AE20EB1CD}.Release|Any CPU.ActiveCfg = Release|Any CPU
		{6741AAEE-FD10-4E80-9F2B-B82AE20EB1CD}.Release|Any CPU.Build.0 = Release|Any CPU
		{C5CA1131-8CFA-4AAA-9EA4-3558E74ADBD2}.Debug|Any CPU.ActiveCfg = Debug|Any CPU
		{C5CA1131-8CFA-4AAA-9EA4-3558E74ADBD2}.Debug|Any CPU.Build.0 = Debug|Any CPU
		{C5CA1131-8CFA-4AAA-9EA4-3558E74ADBD2}.Release|Any CPU.ActiveCfg = Release|Any CPU
		{C5CA1131-8CFA-4AAA-9EA4-3558E74ADBD2}.Release|Any CPU.Build.0 = Release|Any CPU
		{26244117-A1EB-48BE-A672-1B1F0B5B76E2}.Debug|Any CPU.ActiveCfg = Debug|Any CPU
		{26244117-A1EB-48BE-A672-1B1F0B5B76E2}.Debug|Any CPU.Build.0 = Debug|Any CPU
		{26244117-A1EB-48BE-A672-1B1F0B5B76E2}.Release|Any CPU.ActiveCfg = Release|Any CPU
		{26244117-A1EB-48BE-A672-1B1F0B5B76E2}.Release|Any CPU.Build.0 = Release|Any CPU
	EndGlobalSection
	GlobalSection(SolutionProperties) = preSolution
		HideSolutionNode = FALSE
	EndGlobalSection
	GlobalSection(NestedProjects) = preSolution
		{E433CF99-C339-462E-A94C-CA04999FCC2A} = {7CA9B843-9F10-4378-8068-1CEC0DB2DBC4}
		{D6ACF356-EF06-4E5E-B880-8528BE9E7E91} = {7CA9B843-9F10-4378-8068-1CEC0DB2DBC4}
		{6E0264F8-BA49-45E9-9E38-995DB08CB1A8} = {E433CF99-C339-462E-A94C-CA04999FCC2A}
		{18DEBF78-BBEA-4941-A520-D65BDC41A02F} = {D6ACF356-EF06-4E5E-B880-8528BE9E7E91}
		{93F61BE7-2C81-4DD3-B282-A2E6D1477012} = {6E0264F8-BA49-45E9-9E38-995DB08CB1A8}
		{A38DED1C-DA24-43DA-A8D1-B7FD3D498AA9} = {6E0264F8-BA49-45E9-9E38-995DB08CB1A8}
		{5C3579C4-0231-4DBD-9FAB-DD75F4F48827} = {6E0264F8-BA49-45E9-9E38-995DB08CB1A8}
		{400D3E41-0F70-474F-8CF0-07A31B057897} = {18DEBF78-BBEA-4941-A520-D65BDC41A02F}
		{1D793D8B-C13C-42F6-8D73-B85499EBB187} = {18DEBF78-BBEA-4941-A520-D65BDC41A02F}
		{FB7D9105-66BE-4DD1-8143-78C03262AD72} = {18DEBF78-BBEA-4941-A520-D65BDC41A02F}
		{3091436D-0ADE-4C95-A42E-6F235A1A741C} = {93F61BE7-2C81-4DD3-B282-A2E6D1477012}
		{0B2AFCA8-BDBB-412E-A123-9730A1EFC4D7} = {A38DED1C-DA24-43DA-A8D1-B7FD3D498AA9}
		{BBD6CF4E-A441-4326-8F01-991BE0D66488} = {400D3E41-0F70-474F-8CF0-07A31B057897}
		{6741AAEE-FD10-4E80-9F2B-B82AE20EB1CD} = {1D793D8B-C13C-42F6-8D73-B85499EBB187}
		{C5CA1131-8CFA-4AAA-9EA4-3558E74ADBD2} = {5C3579C4-0231-4DBD-9FAB-DD75F4F48827}
		{26244117-A1EB-48BE-A672-1B1F0B5B76E2} = {FB7D9105-66BE-4DD1-8143-78C03262AD72}
	EndGlobalSection
	GlobalSection(ExtensibilityGlobals) = postSolution
		SolutionGuid = {B3DBD59B-2D8A-4611-8CA1-6551FC13D78C}
	EndGlobalSection
EndGlobal
