
Microsoft Visual Studio Solution File, Format Version 12.00
# Visual Studio Version 16
VisualStudioVersion = 16.0.31129.286
MinimumVisualStudioVersion = 10.0.40219.1
Project("{2150E333-8FDC-42A3-9474-1A3956D46DE8}") = "Types", "Types", "{592BEA23-C037-4F82-ACCA-394D6F3504AD}"
EndProject
Project("{2150E333-8FDC-42A3-9474-1A3956D46DE8}") = "Application", "Application", "{5ADC31A4-A3CA-412E-B15D-2D7FC704B4BA}"
EndProject
Project("{2150E333-8FDC-42A3-9474-1A3956D46DE8}") = "Domain", "Domain", "{DAD1287B-F4A1-4E08-AE1D-0EC4199C859C}"
EndProject
Project("{2150E333-8FDC-42A3-9474-1A3956D46DE8}") = "Infrastructure", "Infrastructure", "{42CD37A4-E6F2-4AEA-B0E7-B07DA2F2ED9D}"
EndProject
Project("{2150E333-8FDC-42A3-9474-1A3956D46DE8}") = "Pokemons", "Pokemons", "{4C5D69D2-6D57-4ADF-828C-86661DD34967}"
EndProject
Project("{9A19103F-16F7-4668-BE54-9A1E7A4F7556}") = "Pokemons.Types.Application", "Pokemons\Types\Application\Pokemons.Types.Application\Pokemons.Types.Application.csproj", "{3FAAAAED-A2C8-454C-8FB2-913F9D47F30B}"
EndProject
Project("{9A19103F-16F7-4668-BE54-9A1E7A4F7556}") = "Pokemons.Types.Domain", "Pokemons\Types\Domain\Pokemons.Types.Domain\Pokemons.Types.Domain.csproj", "{6EDA1ADF-D6B0-4416-B405-44381E340016}"
EndProject
Project("{9A19103F-16F7-4668-BE54-9A1E7A4F7556}") = "Pokemons.Types.Api", "Pokemons\Types\Infrastructure\Pokemons.Types.Api\Pokemons.Types.Api.csproj", "{B895346C-7539-43FE-A574-286A78D17440}"
EndProject
Project("{9A19103F-16F7-4668-BE54-9A1E7A4F7556}") = "Pokemons.Types.CliConsole", "Pokemons\Types\Infrastructure\Pokemons.Types.CliConsole\Pokemons.Types.CliConsole.csproj", "{57024D45-377D-47BA-8273-B9109C0E284A}"
EndProject
Project("{9A19103F-16F7-4668-BE54-9A1E7A4F7556}") = "Pokemons.Types.Infrastructure", "Pokemons\Types\Infrastructure\Pokemons.Types.Infrastructure\Pokemons.Types.Infrastructure.csproj", "{E84AEC21-E57B-4AA2-90DC-8B1ED2169B7F}"
EndProject
Global
	GlobalSection(SolutionConfigurationPlatforms) = preSolution
		Debug|Any CPU = Debug|Any CPU
		Release|Any CPU = Release|Any CPU
	EndGlobalSection
	GlobalSection(ProjectConfigurationPlatforms) = postSolution
		{3FAAAAED-A2C8-454C-8FB2-913F9D47F30B}.Debug|Any CPU.ActiveCfg = Debug|Any CPU
		{3FAAAAED-A2C8-454C-8FB2-913F9D47F30B}.Debug|Any CPU.Build.0 = Debug|Any CPU
		{3FAAAAED-A2C8-454C-8FB2-913F9D47F30B}.Release|Any CPU.ActiveCfg = Release|Any CPU
		{3FAAAAED-A2C8-454C-8FB2-913F9D47F30B}.Release|Any CPU.Build.0 = Release|Any CPU
		{6EDA1ADF-D6B0-4416-B405-44381E340016}.Debug|Any CPU.ActiveCfg = Debug|Any CPU
		{6EDA1ADF-D6B0-4416-B405-44381E340016}.Debug|Any CPU.Build.0 = Debug|Any CPU
		{6EDA1ADF-D6B0-4416-B405-44381E340016}.Release|Any CPU.ActiveCfg = Release|Any CPU
		{6EDA1ADF-D6B0-4416-B405-44381E340016}.Release|Any CPU.Build.0 = Release|Any CPU
		{B895346C-7539-43FE-A574-286A78D17440}.Debug|Any CPU.ActiveCfg = Debug|Any CPU
		{B895346C-7539-43FE-A574-286A78D17440}.Debug|Any CPU.Build.0 = Debug|Any CPU
		{B895346C-7539-43FE-A574-286A78D17440}.Release|Any CPU.ActiveCfg = Release|Any CPU
		{B895346C-7539-43FE-A574-286A78D17440}.Release|Any CPU.Build.0 = Release|Any CPU
		{57024D45-377D-47BA-8273-B9109C0E284A}.Debug|Any CPU.ActiveCfg = Debug|Any CPU
		{57024D45-377D-47BA-8273-B9109C0E284A}.Debug|Any CPU.Build.0 = Debug|Any CPU
		{57024D45-377D-47BA-8273-B9109C0E284A}.Release|Any CPU.ActiveCfg = Release|Any CPU
		{57024D45-377D-47BA-8273-B9109C0E284A}.Release|Any CPU.Build.0 = Release|Any CPU
		{E84AEC21-E57B-4AA2-90DC-8B1ED2169B7F}.Debug|Any CPU.ActiveCfg = Debug|Any CPU
		{E84AEC21-E57B-4AA2-90DC-8B1ED2169B7F}.Debug|Any CPU.Build.0 = Debug|Any CPU
		{E84AEC21-E57B-4AA2-90DC-8B1ED2169B7F}.Release|Any CPU.ActiveCfg = Release|Any CPU
		{E84AEC21-E57B-4AA2-90DC-8B1ED2169B7F}.Release|Any CPU.Build.0 = Release|Any CPU
	EndGlobalSection
	GlobalSection(SolutionProperties) = preSolution
		HideSolutionNode = FALSE
	EndGlobalSection
	GlobalSection(NestedProjects) = preSolution
		{592BEA23-C037-4F82-ACCA-394D6F3504AD} = {4C5D69D2-6D57-4ADF-828C-86661DD34967}
		{5ADC31A4-A3CA-412E-B15D-2D7FC704B4BA} = {592BEA23-C037-4F82-ACCA-394D6F3504AD}
		{DAD1287B-F4A1-4E08-AE1D-0EC4199C859C} = {592BEA23-C037-4F82-ACCA-394D6F3504AD}
		{42CD37A4-E6F2-4AEA-B0E7-B07DA2F2ED9D} = {592BEA23-C037-4F82-ACCA-394D6F3504AD}
		{3FAAAAED-A2C8-454C-8FB2-913F9D47F30B} = {5ADC31A4-A3CA-412E-B15D-2D7FC704B4BA}
		{6EDA1ADF-D6B0-4416-B405-44381E340016} = {DAD1287B-F4A1-4E08-AE1D-0EC4199C859C}
		{B895346C-7539-43FE-A574-286A78D17440} = {42CD37A4-E6F2-4AEA-B0E7-B07DA2F2ED9D}
		{57024D45-377D-47BA-8273-B9109C0E284A} = {42CD37A4-E6F2-4AEA-B0E7-B07DA2F2ED9D}
		{E84AEC21-E57B-4AA2-90DC-8B1ED2169B7F} = {42CD37A4-E6F2-4AEA-B0E7-B07DA2F2ED9D}
	EndGlobalSection
	GlobalSection(ExtensibilityGlobals) = postSolution
		SolutionGuid = {47E5EF52-D71F-4F5D-862D-C732056D8F24}
	EndGlobalSection
EndGlobal
